
Microsoft Visual Studio Solution File, Format Version 12.00
# Visual Studio Version 16
VisualStudioVersion = 16.0.31424.327
MinimumVisualStudioVersion = 10.0.40219.1
Project("{FAE04EC0-301F-11D3-BF4B-00C04F79EFBC}") = "BOOPM3_02_01", "BOOPM3_02_01\BOOPM3_02_01.csproj", "{A69CAA87-D367-4C21-8D44-CAD70AC72FC0}"
EndProject
Project("{FAE04EC0-301F-11D3-BF4B-00C04F79EFBC}") = "BOOPM3_02_02", "BOOPM3_02_02\BOOPM3_02_02.csproj", "{146A38C4-A548-40A6-99EB-D26FD95F6727}"
EndProject
Project("{FAE04EC0-301F-11D3-BF4B-00C04F79EFBC}") = "BOOPM3_02_03", "BOOPM3_02_03\BOOPM3_02_03.csproj", "{778C3D84-F0A4-4B1E-B3AB-79745085F1C8}"
EndProject
Project("{FAE04EC0-301F-11D3-BF4B-00C04F79EFBC}") = "BOOPM3_02_04", "BOOPM3_02_04\BOOPM3_02_04.csproj", "{87B9BDCD-32A5-423F-9050-951FA1184C88}"
EndProject
Project("{FAE04EC0-301F-11D3-BF4B-00C04F79EFBC}") = "BOOPM3_02_05", "BOOPM3_02_05\BOOPM3_02_05.csproj", "{444E3116-2879-4595-B03F-5C900B485D5C}"
EndProject
Project("{FAE04EC0-301F-11D3-BF4B-00C04F79EFBC}") = "BOOPM3_02_06", "BOOPM3_02_06\BOOPM3_02_06.csproj", "{A06FF81B-A2DA-4D80-942D-D0A54C3B16EC}"
EndProject
Project("{FAE04EC0-301F-11D3-BF4B-00C04F79EFBC}") = "BOOPM3_02_07", "BOOPM3_02_07\BOOPM3_02_07.csproj", "{6F10B1D6-A838-471B-A868-601ED83E9C2F}"
EndProject
Project("{FAE04EC0-301F-11D3-BF4B-00C04F79EFBC}") = "BOOPM3_02_08", "BOOPM3_02_08\BOOPM3_02_08.csproj", "{E12D8357-A22E-4BD7-A9A0-7693846F4392}"
EndProject
Project("{FAE04EC0-301F-11D3-BF4B-00C04F79EFBC}") = "BOOPM3_02_09", "BOOPM3_02_09\BOOPM3_02_09.csproj", "{A4D6D526-3884-4820-95F1-60A1C27F8D48}"
EndProject
Global
	GlobalSection(SolutionConfigurationPlatforms) = preSolution
		Debug|Any CPU = Debug|Any CPU
		Release|Any CPU = Release|Any CPU
	EndGlobalSection
	GlobalSection(ProjectConfigurationPlatforms) = postSolution
		{A69CAA87-D367-4C21-8D44-CAD70AC72FC0}.Debug|Any CPU.ActiveCfg = Debug|Any CPU
		{A69CAA87-D367-4C21-8D44-CAD70AC72FC0}.Debug|Any CPU.Build.0 = Debug|Any CPU
		{A69CAA87-D367-4C21-8D44-CAD70AC72FC0}.Release|Any CPU.ActiveCfg = Release|Any CPU
		{A69CAA87-D367-4C21-8D44-CAD70AC72FC0}.Release|Any CPU.Build.0 = Release|Any CPU
		{146A38C4-A548-40A6-99EB-D26FD95F6727}.Debug|Any CPU.ActiveCfg = Debug|Any CPU
		{146A38C4-A548-40A6-99EB-D26FD95F6727}.Debug|Any CPU.Build.0 = Debug|Any CPU
		{146A38C4-A548-40A6-99EB-D26FD95F6727}.Release|Any CPU.ActiveCfg = Release|Any CPU
		{146A38C4-A548-40A6-99EB-D26FD95F6727}.Release|Any CPU.Build.0 = Release|Any CPU
		{778C3D84-F0A4-4B1E-B3AB-79745085F1C8}.Debug|Any CPU.ActiveCfg = Debug|Any CPU
		{778C3D84-F0A4-4B1E-B3AB-79745085F1C8}.Debug|Any CPU.Build.0 = Debug|Any CPU
		{778C3D84-F0A4-4B1E-B3AB-79745085F1C8}.Release|Any CPU.ActiveCfg = Release|Any CPU
		{778C3D84-F0A4-4B1E-B3AB-79745085F1C8}.Release|Any CPU.Build.0 = Release|Any CPU
		{87B9BDCD-32A5-423F-9050-951FA1184C88}.Debug|Any CPU.ActiveCfg = Debug|Any CPU
		{87B9BDCD-32A5-423F-9050-951FA1184C88}.Debug|Any CPU.Build.0 = Debug|Any CPU
		{87B9BDCD-32A5-423F-9050-951FA1184C88}.Release|Any CPU.ActiveCfg = Release|Any CPU
		{87B9BDCD-32A5-423F-9050-951FA1184C88}.Release|Any CPU.Build.0 = Release|Any CPU
		{444E3116-2879-4595-B03F-5C900B485D5C}.Debug|Any CPU.ActiveCfg = Debug|Any CPU
		{444E3116-2879-4595-B03F-5C900B485D5C}.Debug|Any CPU.Build.0 = Debug|Any CPU
		{444E3116-2879-4595-B03F-5C900B485D5C}.Release|Any CPU.ActiveCfg = Release|Any CPU
		{444E3116-2879-4595-B03F-5C900B485D5C}.Release|Any CPU.Build.0 = Release|Any CPU
		{A06FF81B-A2DA-4D80-942D-D0A54C3B16EC}.Debug|Any CPU.ActiveCfg = Debug|Any CPU
		{A06FF81B-A2DA-4D80-942D-D0A54C3B16EC}.Debug|Any CPU.Build.0 = Debug|Any CPU
		{A06FF81B-A2DA-4D80-942D-D0A54C3B16EC}.Release|Any CPU.ActiveCfg = Release|Any CPU
		{A06FF81B-A2DA-4D80-942D-D0A54C3B16EC}.Release|Any CPU.Build.0 = Release|Any CPU
		{6F10B1D6-A838-471B-A868-601ED83E9C2F}.Debug|Any CPU.ActiveCfg = Debug|Any CPU
		{6F10B1D6-A838-471B-A868-601ED83E9C2F}.Debug|Any CPU.Build.0 = Debug|Any CPU
		{6F10B1D6-A838-471B-A868-601ED83E9C2F}.Release|Any CPU.ActiveCfg = Release|Any CPU
		{6F10B1D6-A838-471B-A868-601ED83E9C2F}.Release|Any CPU.Build.0 = Release|Any CPU
		{E12D8357-A22E-4BD7-A9A0-7693846F4392}.Debug|Any CPU.ActiveCfg = Debug|Any CPU
		{E12D8357-A22E-4BD7-A9A0-7693846F4392}.Debug|Any CPU.Build.0 = Debug|Any CPU
		{E12D8357-A22E-4BD7-A9A0-7693846F4392}.Release|Any CPU.ActiveCfg = Release|Any CPU
		{E12D8357-A22E-4BD7-A9A0-7693846F4392}.Release|Any CPU.Build.0 = Release|Any CPU
		{A4D6D526-3884-4820-95F1-60A1C27F8D48}.Debug|Any CPU.ActiveCfg = Debug|Any CPU
		{A4D6D526-3884-4820-95F1-60A1C27F8D48}.Debug|Any CPU.Build.0 = Debug|Any CPU
		{A4D6D526-3884-4820-95F1-60A1C27F8D48}.Release|Any CPU.ActiveCfg = Release|Any CPU
		{A4D6D526-3884-4820-95F1-60A1C27F8D48}.Release|Any CPU.Build.0 = Release|Any CPU
	EndGlobalSection
	GlobalSection(SolutionProperties) = preSolution
		HideSolutionNode = FALSE
	EndGlobalSection
	GlobalSection(ExtensibilityGlobals) = postSolution
		SolutionGuid = {E2F9F8F0-D4A6-4621-9715-5E29D4A5BCD0}
	EndGlobalSection
EndGlobal
